
Microsoft Visual Studio Solution File, Format Version 12.00
# Visual Studio 15
VisualStudioVersion = 15.0.26730.12
MinimumVisualStudioVersion = 10.0.40219.1
Project("{F184B08F-C81C-45F6-A57F-5ABD9991F28F}") = "Golf Club Application", "Golf Club Application\Golf Club Application.vbproj", "{704ECD3C-1C74-4087-BE6C-3C0258342325}"
EndProject
Global
	GlobalSection(SolutionConfigurationPlatforms) = preSolution
		Debug|Any CPU = Debug|Any CPU
		Release|Any CPU = Release|Any CPU
	EndGlobalSection
	GlobalSection(ProjectConfigurationPlatforms) = postSolution
		{704ECD3C-1C74-4087-BE6C-3C0258342325}.Debug|Any CPU.ActiveCfg = Debug|Any CPU
		{704ECD3C-1C74-4087-BE6C-3C0258342325}.Debug|Any CPU.Build.0 = Debug|Any CPU
		{704ECD3C-1C74-4087-BE6C-3C0258342325}.Release|Any CPU.ActiveCfg = Release|Any CPU
		{704ECD3C-1C74-4087-BE6C-3C0258342325}.Release|Any CPU.Build.0 = Release|Any CPU
	EndGlobalSection
	GlobalSection(SolutionProperties) = preSolution
		HideSolutionNode = FALSE
	EndGlobalSection
	GlobalSection(ExtensibilityGlobals) = postSolution
		SolutionGuid = {CD71E8D4-DF93-4CC1-8241-89AA365762F5}
	EndGlobalSection
EndGlobal
